
Microsoft Visual Studio Solution File, Format Version 12.00
# Visual Studio 15
VisualStudioVersion = 15.0.28307.271
MinimumVisualStudioVersion = 10.0.40219.1
Project("{FAE04EC0-301F-11D3-BF4B-00C04F79EFBC}") = "CityInfo.API", "CityInfo.API\CityInfo.API.csproj", "{B3B18D09-542E-4CDA-A27B-FA4DF6D415B0}"
EndProject
Global
	GlobalSection(SolutionConfigurationPlatforms) = preSolution
		Debug|Any CPU = Debug|Any CPU
		Release|Any CPU = Release|Any CPU
	EndGlobalSection
	GlobalSection(ProjectConfigurationPlatforms) = postSolution
		{B3B18D09-542E-4CDA-A27B-FA4DF6D415B0}.Debug|Any CPU.ActiveCfg = Debug|Any CPU
		{B3B18D09-542E-4CDA-A27B-FA4DF6D415B0}.Debug|Any CPU.Build.0 = Debug|Any CPU
		{B3B18D09-542E-4CDA-A27B-FA4DF6D415B0}.Release|Any CPU.ActiveCfg = Release|Any CPU
		{B3B18D09-542E-4CDA-A27B-FA4DF6D415B0}.Release|Any CPU.Build.0 = Release|Any CPU
	EndGlobalSection
	GlobalSection(SolutionProperties) = preSolution
		HideSolutionNode = FALSE
	EndGlobalSection
	GlobalSection(ExtensibilityGlobals) = postSolution
		SolutionGuid = {ACFDCC9A-A431-4333-9C6D-505BFB3FAB9D}
	EndGlobalSection
EndGlobal
